
Microsoft Visual Studio Solution File, Format Version 12.00
# Visual Studio Version 17
VisualStudioVersion = 17.4.33213.308
MinimumVisualStudioVersion = 10.0.40219.1
Project("{FAE04EC0-301F-11D3-BF4B-00C04F79EFBC}") = "8.6", "8.6\8.6.csproj", "{981563BA-21EE-464C-B1E6-DFA7EF9E983E}"
EndProject
Global
	GlobalSection(SolutionConfigurationPlatforms) = preSolution
		Debug|Any CPU = Debug|Any CPU
		Release|Any CPU = Release|Any CPU
	EndGlobalSection
	GlobalSection(ProjectConfigurationPlatforms) = postSolution
		{981563BA-21EE-464C-B1E6-DFA7EF9E983E}.Debug|Any CPU.ActiveCfg = Debug|Any CPU
		{981563BA-21EE-464C-B1E6-DFA7EF9E983E}.Debug|Any CPU.Build.0 = Debug|Any CPU
		{981563BA-21EE-464C-B1E6-DFA7EF9E983E}.Release|Any CPU.ActiveCfg = Release|Any CPU
		{981563BA-21EE-464C-B1E6-DFA7EF9E983E}.Release|Any CPU.Build.0 = Release|Any CPU
	EndGlobalSection
	GlobalSection(SolutionProperties) = preSolution
		HideSolutionNode = FALSE
	EndGlobalSection
	GlobalSection(ExtensibilityGlobals) = postSolution
		SolutionGuid = {F1B44032-450E-4C89-BDE2-3ADAFF17BF01}
	EndGlobalSection
EndGlobal
